// !$*UTF8*$!
{
	archiveVersion = 1;
	classes = {
	};
	objectVersion = 46;
	objects = {

/* Begin PBXBuildFile section */
		26247E2A1C1FCE0600E01259 /* main.m in Sources */ = {isa = PBXBuildFile; fileRef = 26247E291C1FCE0600E01259 /* main.m */; };
		26247E2D1C1FCE0600E01259 /* AppDelegate.m in Sources */ = {isa = PBXBuildFile; fileRef = 26247E2C1C1FCE0600E01259 /* AppDelegate.m */; };
		26247E351C1FCE0600E01259 /* Assets.xcassets in Resources */ = {isa = PBXBuildFile; fileRef = 26247E341C1FCE0600E01259 /* Assets.xcassets */; };
		26247E381C1FCE0600E01259 /* LaunchScreen.storyboard in Resources */ = {isa = PBXBuildFile; fileRef = 26247E361C1FCE0600E01259 /* LaunchScreen.storyboard */; };
		26247E431C1FCE0600E01259 /* GuidePageTests.m in Sources */ = {isa = PBXBuildFile; fileRef = 26247E421C1FCE0600E01259 /* GuidePageTests.m */; };
		26247E4E1C1FCE0600E01259 /* GuidePageUITests.m in Sources */ = {isa = PBXBuildFile; fileRef = 26247E4D1C1FCE0600E01259 /* GuidePageUITests.m */; };
		26247E5E1C1FCED800E01259 /* GuidePageViewController.m in Sources */ = {isa = PBXBuildFile; fileRef = 26247E5C1C1FCED800E01259 /* GuidePageViewController.m */; };
		26247E5F1C1FCED800E01259 /* GuidePageViewController.xib in Resources */ = {isa = PBXBuildFile; fileRef = 26247E5D1C1FCED800E01259 /* GuidePageViewController.xib */; };
		26247E691C1FE31600E01259 /* 0.jpg in Resources */ = {isa = PBXBuildFile; fileRef = 26247E681C1FE31600E01259 /* 0.jpg */; };
		26247E6B1C1FE32700E01259 /* 1.jpg in Resources */ = {isa = PBXBuildFile; fileRef = 26247E6A1C1FE32700E01259 /* 1.jpg */; };
		26247E6D1C1FE34400E01259 /* 3.jpg in Resources */ = {isa = PBXBuildFile; fileRef = 26247E6C1C1FE34400E01259 /* 3.jpg */; };
		26247E711C1FF33000E01259 /* SecondViewController.m in Sources */ = {isa = PBXBuildFile; fileRef = 26247E6F1C1FF33000E01259 /* SecondViewController.m */; };
		26247E721C1FF33000E01259 /* SecondViewController.xib in Resources */ = {isa = PBXBuildFile; fileRef = 26247E701C1FF33000E01259 /* SecondViewController.xib */; };
/* End PBXBuildFile section */

/* Begin PBXContainerItemProxy section */
		26247E3F1C1FCE0600E01259 /* PBXContainerItemProxy */ = {
			isa = PBXContainerItemProxy;
			containerPortal = 26247E1D1C1FCE0600E01259 /* Project object */;
			proxyType = 1;
			remoteGlobalIDString = 26247E241C1FCE0600E01259;
			remoteInfo = GuidePage;
		};
		26247E4A1C1FCE0600E01259 /* PBXContainerItemProxy */ = {
			isa = PBXContainerItemProxy;
			containerPortal = 26247E1D1C1FCE0600E01259 /* Project object */;
			proxyType = 1;
			remoteGlobalIDString = 26247E241C1FCE0600E01259;
			remoteInfo = GuidePage;
		};
/* End PBXContainerItemProxy section */

/* Begin PBXFileReference section */
		26247E251C1FCE0600E01259 /* GuidePage.app */ = {isa = PBXFileReference; explicitFileType = wrapper.application; includeInIndex = 0; path = GuidePage.app; sourceTree = BUILT_PRODUCTS_DIR; };
		26247E291C1FCE0600E01259 /* main.m */ = {isa = PBXFileReference; lastKnownFileType = sourcecode.c.objc; path = main.m; sourceTree = "<group>"; };
		26247E2B1C1FCE0600E01259 /* AppDelegate.h */ = {isa = PBXFileReference; lastKnownFileType = sourcecode.c.h; path = AppDelegate.h; sourceTree = "<group>"; };
		26247E2C1C1FCE0600E01259 /* AppDelegate.m */ = {isa = PBXFileReference; lastKnownFileType = sourcecode.c.objc; path = AppDelegate.m; sourceTree = "<group>"; };
		26247E341C1FCE0600E01259 /* Assets.xcassets */ = {isa = PBXFileReference; lastKnownFileType = folder.assetcatalog; path = Assets.xcassets; sourceTree = "<group>"; };
		26247E371C1FCE0600E01259 /* Base */ = {isa = PBXFileReference; lastKnownFileType = file.storyboard; name = Base; path = Base.lproj/LaunchScreen.storyboard; sourceTree = "<group>"; };
		26247E391C1FCE0600E01259 /* Info.plist */ = {isa = PBXFileReference; lastKnownFileType = text.plist.xml; path = Info.plist; sourceTree = "<group>"; };
		26247E3E1C1FCE0600E01259 /* GuidePageTests.xctest */ = {isa = PBXFileReference; explicitFileType = wrapper.cfbundle; includeInIndex = 0; path = GuidePageTests.xctest; sourceTree = BUILT_PRODUCTS_DIR; };
		26247E421C1FCE0600E01259 /* GuidePageTests.m */ = {isa = PBXFileReference; lastKnownFileType = sourcecode.c.objc; path = GuidePageTests.m; sourceTree = "<group>"; };
		26247E441C1FCE0600E01259 /* Info.plist */ = {isa = PBXFileReference; lastKnownFileType = text.plist.xml; path = Info.plist; sourceTree = "<group>"; };
		26247E491C1FCE0600E01259 /* GuidePageUITests.xctest */ = {isa = PBXFileReference; explicitFileType = wrapper.cfbundle; includeInIndex = 0; path = GuidePageUITests.xctest; sourceTree = BUILT_PRODUCTS_DIR; };
		26247E4D1C1FCE0600E01259 /* GuidePageUITests.m */ = {isa = PBXFileReference; lastKnownFileType = sourcecode.c.objc; path = GuidePageUITests.m; sourceTree = "<group>"; };
		26247E4F1C1FCE0600E01259 /* Info.plist */ = {isa = PBXFileReference; lastKnownFileType = text.plist.xml; path = Info.plist; sourceTree = "<group>"; };
		26247E5B1C1FCED800E01259 /* GuidePageViewController.h */ = {isa = PBXFileReference; fileEncoding = 4; lastKnownFileType = sourcecode.c.h; path = GuidePageViewController.h; sourceTree = "<group>"; };
		26247E5C1C1FCED800E01259 /* GuidePageViewController.m */ = {isa = PBXFileReference; fileEncoding = 4; lastKnownFileType = sourcecode.c.objc; path = GuidePageViewController.m; sourceTree = "<group>"; };
		26247E5D1C1FCED800E01259 /* GuidePageViewController.xib */ = {isa = PBXFileReference; fileEncoding = 4; lastKnownFileType = file.xib; path = GuidePageViewController.xib; sourceTree = "<group>"; };
		26247E681C1FE31600E01259 /* 0.jpg */ = {isa = PBXFileReference; lastKnownFileType = image.jpeg; path = 0.jpg; sourceTree = "<group>"; };
		26247E6A1C1FE32700E01259 /* 1.jpg */ = {isa = PBXFileReference; lastKnownFileType = image.jpeg; path = 1.jpg; sourceTree = "<group>"; };
		26247E6C1C1FE34400E01259 /* 3.jpg */ = {isa = PBXFileReference; lastKnownFileType = image.jpeg; path = 3.jpg; sourceTree = "<group>"; };
		26247E6E1C1FF33000E01259 /* SecondViewController.h */ = {isa = PBXFileReference; fileEncoding = 4; lastKnownFileType = sourcecode.c.h; path = SecondViewController.h; sourceTree = "<group>"; };
		26247E6F1C1FF33000E01259 /* SecondViewController.m */ = {isa = PBXFileReference; fileEncoding = 4; lastKnownFileType = sourcecode.c.objc; path = SecondViewController.m; sourceTree = "<group>"; };
		26247E701C1FF33000E01259 /* SecondViewController.xib */ = {isa = PBXFileReference; fileEncoding = 4; lastKnownFileType = file.xib; path = SecondViewController.xib; sourceTree = "<group>"; };
/* End PBXFileReference section */

/* Begin PBXFrameworksBuildPhase section */
		26247E221C1FCE0600E01259 /* Frameworks */ = {
			isa = PBXFrameworksBuildPhase;
			buildActionMask = 2147483647;
			files = (
			);
			runOnlyForDeploymentPostprocessing = 0;
		};
		26247E3B1C1FCE0600E01259 /* Frameworks */ = {
			isa = PBXFrameworksBuildPhase;
			buildActionMask = 2147483647;
			files = (
			);
			runOnlyForDeploymentPostprocessing = 0;
		};
		26247E461C1FCE0600E01259 /* Frameworks */ = {
			isa = PBXFrameworksBuildPhase;
			buildActionMask = 2147483647;
			files = (
			);
			runOnlyForDeploymentPostprocessing = 0;
		};
/* End PBXFrameworksBuildPhase section */

/* Begin PBXGroup section */
		26247E1C1C1FCE0600E01259 = {
			isa = PBXGroup;
			children = (
				26247E271C1FCE0600E01259 /* GuidePage */,
				26247E411C1FCE0600E01259 /* GuidePageTests */,
				26247E4C1C1FCE0600E01259 /* GuidePageUITests */,
				26247E261C1FCE0600E01259 /* Products */,
			);
			sourceTree = "<group>";
		};
		26247E261C1FCE0600E01259 /* Products */ = {
			isa = PBXGroup;
			children = (
				26247E251C1FCE0600E01259 /* GuidePage.app */,
				26247E3E1C1FCE0600E01259 /* GuidePageTests.xctest */,
				26247E491C1FCE0600E01259 /* GuidePageUITests.xctest */,
			);
			name = Products;
			sourceTree = "<group>";
		};
		26247E271C1FCE0600E01259 /* GuidePage */ = {
			isa = PBXGroup;
			children = (
				26247E681C1FE31600E01259 /* 0.jpg */,
				26247E6A1C1FE32700E01259 /* 1.jpg */,
				26247E6C1C1FE34400E01259 /* 3.jpg */,
				26247E2B1C1FCE0600E01259 /* AppDelegate.h */,
				26247E2C1C1FCE0600E01259 /* AppDelegate.m */,
				26247E5B1C1FCED800E01259 /* GuidePageViewController.h */,
				26247E5C1C1FCED800E01259 /* GuidePageViewController.m */,
				26247E5D1C1FCED800E01259 /* GuidePageViewController.xib */,
				26247E6E1C1FF33000E01259 /* SecondViewController.h */,
				26247E6F1C1FF33000E01259 /* SecondViewController.m */,
				26247E701C1FF33000E01259 /* SecondViewController.xib */,
				26247E341C1FCE0600E01259 /* Assets.xcassets */,
				26247E361C1FCE0600E01259 /* LaunchScreen.storyboard */,
				26247E391C1FCE0600E01259 /* Info.plist */,
				26247E281C1FCE0600E01259 /* Supporting Files */,
			);
			path = GuidePage;
			sourceTree = "<group>";
		};
		26247E281C1FCE0600E01259 /* Supporting Files */ = {
			isa = PBXGroup;
			children = (
				26247E291C1FCE0600E01259 /* main.m */,
			);
			name = "Supporting Files";
			sourceTree = "<group>";
		};
		26247E411C1FCE0600E01259 /* GuidePageTests */ = {
			isa = PBXGroup;
			children = (
				26247E421C1FCE0600E01259 /* GuidePageTests.m */,
				26247E441C1FCE0600E01259 /* Info.plist */,
			);
			path = GuidePageTests;
			sourceTree = "<group>";
		};
		26247E4C1C1FCE0600E01259 /* GuidePageUITests */ = {
			isa = PBXGroup;
			children = (
				26247E4D1C1FCE0600E01259 /* GuidePageUITests.m */,
				26247E4F1C1FCE0600E01259 /* Info.plist */,
			);
			path = GuidePageUITests;
			sourceTree = "<group>";
		};
/* End PBXGroup section */

/* Begin PBXNativeTarget section */
		26247E241C1FCE0600E01259 /* GuidePage */ = {
			isa = PBXNativeTarget;
			buildConfigurationList = 26247E521C1FCE0600E01259 /* Build configuration list for PBXNativeTarget "GuidePage" */;
			buildPhases = (
				26247E211C1FCE0600E01259 /* Sources */,
				26247E221C1FCE0600E01259 /* Frameworks */,
				26247E231C1FCE0600E01259 /* Resources */,
			);
			buildRules = (
			);
			dependencies = (
			);
			name = GuidePage;
			productName = GuidePage;
			productReference = 26247E251C1FCE0600E01259 /* GuidePage.app */;
			productType = "com.apple.product-type.application";
		};
		26247E3D1C1FCE0600E01259 /* GuidePageTests */ = {
			isa = PBXNativeTarget;
			buildConfigurationList = 26247E551C1FCE0600E01259 /* Build configuration list for PBXNativeTarget "GuidePageTests" */;
			buildPhases = (
				26247E3A1C1FCE0600E01259 /* Sources */,
				26247E3B1C1FCE0600E01259 /* Frameworks */,
				26247E3C1C1FCE0600E01259 /* Resources */,
			);
			buildRules = (
			);
			dependencies = (
				26247E401C1FCE0600E01259 /* PBXTargetDependency */,
			);
			name = GuidePageTests;
			productName = GuidePageTests;
			productReference = 26247E3E1C1FCE0600E01259 /* GuidePageTests.xctest */;
			productType = "com.apple.product-type.bundle.unit-test";
		};
		26247E481C1FCE0600E01259 /* GuidePageUITests */ = {
			isa = PBXNativeTarget;
			buildConfigurationList = 26247E581C1FCE0600E01259 /* Build configuration list for PBXNativeTarget "GuidePageUITests" */;
			buildPhases = (
				26247E451C1FCE0600E01259 /* Sources */,
				26247E461C1FCE0600E01259 /* Frameworks */,
				26247E471C1FCE0600E01259 /* Resources */,
			);
			buildRules = (
			);
			dependencies = (
				26247E4B1C1FCE0600E01259 /* PBXTargetDependency */,
			);
			name = GuidePageUITests;
			productName = GuidePageUITests;
			productReference = 26247E491C1FCE0600E01259 /* GuidePageUITests.xctest */;
			productType = "com.apple.product-type.bundle.ui-testing";
		};
/* End PBXNativeTarget section */

/* Begin PBXProject section */
		26247E1D1C1FCE0600E01259 /* Project object */ = {
			isa = PBXProject;
			attributes = {
				LastUpgradeCheck = 0720;
				ORGANIZATIONNAME = william;
				TargetAttributes = {
					26247E241C1FCE0600E01259 = {
						CreatedOnToolsVersion = 7.2;
					};
					26247E3D1C1FCE0600E01259 = {
						CreatedOnToolsVersion = 7.2;
						TestTargetID = 26247E241C1FCE0600E01259;
					};
					26247E481C1FCE0600E01259 = {
						CreatedOnToolsVersion = 7.2;
						TestTargetID = 26247E241C1FCE0600E01259;
					};
				};
			};
			buildConfigurationList = 26247E201C1FCE0600E01259 /* Build configuration list for PBXProject "GuidePage" */;
			compatibilityVersion = "Xcode 3.2";
			developmentRegion = English;
			hasScannedForEncodings = 0;
			knownRegions = (
				en,
				Base,
			);
			mainGroup = 26247E1C1C1FCE0600E01259;
			productRefGroup = 26247E261C1FCE0600E01259 /* Products */;
			projectDirPath = "";
			projectRoot = "";
			targets = (
				26247E241C1FCE0600E01259 /* GuidePage */,
				26247E3D1C1FCE0600E01259 /* GuidePageTests */,
				26247E481C1FCE0600E01259 /* GuidePageUITests */,
			);
		};
/* End PBXProject section */

/* Begin PBXResourcesBuildPhase section */
		26247E231C1FCE0600E01259 /* Resources */ = {
			isa = PBXResourcesBuildPhase;
			buildActionMask = 2147483647;
			files = (
				26247E6D1C1FE34400E01259 /* 3.jpg in Resources */,
				26247E721C1FF33000E01259 /* SecondViewController.xib in Resources */,
				26247E691C1FE31600E01259 /* 0.jpg in Resources */,
				26247E381C1FCE0600E01259 /* LaunchScreen.storyboard in Resources */,
				26247E351C1FCE0600E01259 /* Assets.xcassets in Resources */,
				26247E5F1C1FCED800E01259 /* GuidePageViewController.xib in Resources */,
				26247E6B1C1FE32700E01259 /* 1.jpg in Resources */,
			);
			runOnlyForDeploymentPostprocessing = 0;
		};
		26247E3C1C1FCE0600E01259 /* Resources */ = {
			isa = PBXResourcesBuildPhase;
			buildActionMask = 2147483647;
			files = (
			);
			runOnlyForDeploymentPostprocessing = 0;
		};
		26247E471C1FCE0600E01259 /* Resources */ = {
			isa = PBXResourcesBuildPhase;
			buildActionMask = 2147483647;
			files = (
			);
			runOnlyForDeploymentPostprocessing = 0;
		};
/* End PBXResourcesBuildPhase section */

/* Begin PBXSourcesBuildPhase section */
		26247E211C1FCE0600E01259 /* Sources */ = {
			isa = PBXSourcesBuildPhase;
			buildActionMask = 2147483647;
			files = (
				26247E711C1FF33000E01259 /* SecondViewController.m in Sources */,
				26247E2D1C1FCE0600E01259 /* AppDelegate.m in Sources */,
				26247E5E1C1FCED800E01259 /* GuidePageViewController.m in Sources */,
				26247E2A1C1FCE0600E01259 /* main.m in Sources */,
			);
			runOnlyForDeploymentPostprocessing = 0;
		};
		26247E3A1C1FCE0600E01259 /* Sources */ = {
			isa = PBXSourcesBuildPhase;
			buildActionMask = 2147483647;
			files = (
				26247E431C1FCE0600E01259 /* GuidePageTests.m in Sources */,
			);
			runOnlyForDeploymentPostprocessing = 0;
		};
		26247E451C1FCE0600E01259 /* Sources */ = {
			isa = PBXSourcesBuildPhase;
			buildActionMask = 2147483647;
			files = (
				26247E4E1C1FCE0600E01259 /* GuidePageUITests.m in Sources */,
			);
			runOnlyForDeploymentPostprocessing = 0;
		};
/* End PBXSourcesBuildPhase section */

/* Begin PBXTargetDependency section */
		26247E401C1FCE0600E01259 /* PBXTargetDependency */ = {
			isa = PBXTargetDependency;
			target = 26247E241C1FCE0600E01259 /* GuidePage */;
			targetProxy = 26247E3F1C1FCE0600E01259 /* PBXContainerItemProxy */;
		};
		26247E4B1C1FCE0600E01259 /* PBXTargetDependency */ = {
			isa = PBXTargetDependency;
			target = 26247E241C1FCE0600E01259 /* GuidePage */;
			targetProxy = 26247E4A1C1FCE0600E01259 /* PBXContainerItemProxy */;
		};
/* End PBXTargetDependency section */

/* Begin PBXVariantGroup section */
		26247E361C1FCE0600E01259 /* LaunchScreen.storyboard */ = {
			isa = PBXVariantGroup;
			children = (
				26247E371C1FCE0600E01259 /* Base */,
			);
			name = LaunchScreen.storyboard;
			sourceTree = "<group>";
		};
/* End PBXVariantGroup section */

/* Begin XCBuildConfiguration section */
		26247E501C1FCE0600E01259 /* Debug */ = {
			isa = XCBuildConfiguration;
			buildSettings = {
				ALWAYS_SEARCH_USER_PATHS = NO;
				CLANG_CXX_LANGUAGE_STANDARD = "gnu++0x";
				CLANG_CXX_LIBRARY = "libc++";
				CLANG_ENABLE_MODULES = YES;
				CLANG_ENABLE_OBJC_ARC = YES;
				CLANG_WARN_BOOL_CONVERSION = YES;
				CLANG_WARN_CONSTANT_CONVERSION = YES;
				CLANG_WARN_DIRECT_OBJC_ISA_USAGE = YES_ERROR;
				CLANG_WARN_EMPTY_BODY = YES;
				CLANG_WARN_ENUM_CONVERSION = YES;
				CLANG_WARN_INT_CONVERSION = YES;
				CLANG_WARN_OBJC_ROOT_CLASS = YES_ERROR;
				CLANG_WARN_UNREACHABLE_CODE = YES;
				CLANG_WARN__DUPLICATE_METHOD_MATCH = YES;
				"CODE_SIGN_IDENTITY[sdk=iphoneos*]" = "iPhone Developer";
				COPY_PHASE_STRIP = NO;
				DEBUG_INFORMATION_FORMAT = dwarf;
				ENABLE_STRICT_OBJC_MSGSEND = YES;
				ENABLE_TESTABILITY = YES;
				GCC_C_LANGUAGE_STANDARD = gnu99;
				GCC_DYNAMIC_NO_PIC = NO;
				GCC_NO_COMMON_BLOCKS = YES;
				GCC_OPTIMIZATION_LEVEL = 0;
				GCC_PREPROCESSOR_DEFINITIONS = (
					"DEBUG=1",
					"$(inherited)",
				);
				GCC_WARN_64_TO_32_BIT_CONVERSION = YES;
				GCC_WARN_ABOUT_RETURN_TYPE = YES_ERROR;
				GCC_WARN_UNDECLARED_SELECTOR = YES;
				GCC_WARN_UNINITIALIZED_AUTOS = YES_AGGRESSIVE;
				GCC_WARN_UNUSED_FUNCTION = YES;
				GCC_WARN_UNUSED_VARIABLE = YES;
				IPHONEOS_DEPLOYMENT_TARGET = 9.2;
				MTL_ENABLE_DEBUG_INFO = YES;
				ONLY_ACTIVE_ARCH = YES;
				SDKROOT = iphoneos;
				TARGETED_DEVICE_FAMILY = "1,2";
			};
			name = Debug;
		};
		26247E511C1FCE0600E01259 /* Release */ = {
			isa = XCBuildConfiguration;
			buildSettings = {
				ALWAYS_SEARCH_USER_PATHS = NO;
				CLANG_CXX_LANGUAGE_STANDARD = "gnu++0x";
				CLANG_CXX_LIBRARY = "libc++";
				CLANG_ENABLE_MODULES = YES;
				CLANG_ENABLE_OBJC_ARC = YES;
				CLANG_WARN_BOOL_CONVERSION = YES;
				CLANG_WARN_CONSTANT_CONVERSION = YES;
				CLANG_WARN_DIRECT_OBJC_ISA_USAGE = YES_ERROR;
				CLANG_WARN_EMPTY_BODY = YES;
				CLANG_WARN_ENUM_CONVERSION = YES;
				CLANG_WARN_INT_CONVERSION = YES;
				CLANG_WARN_OBJC_ROOT_CLASS = YES_ERROR;
				CLANG_WARN_UNREACHABLE_CODE = YES;
				CLANG_WARN__DUPLICATE_METHOD_MATCH = YES;
				"CODE_SIGN_IDENTITY[sdk=iphoneos*]" = "iPhone Developer";
				COPY_PHASE_STRIP = NO;
				DEBUG_INFORMATION_FORMAT = "dwarf-with-dsym";
				ENABLE_NS_ASSERTIONS = NO;
				ENABLE_STRICT_OBJC_MSGSEND = YES;
				GCC_C_LANGUAGE_STANDARD = gnu99;
				GCC_NO_COMMON_BLOCKS = YES;
				GCC_WARN_64_TO_32_BIT_CONVERSION = YES;
				GCC_WARN_ABOUT_RETURN_TYPE = YES_ERROR;
				GCC_WARN_UNDECLARED_SELECTOR = YES;
				GCC_WARN_UNINITIALIZED_AUTOS = YES_AGGRESSIVE;
				GCC_WARN_UNUSED_FUNCTION = YES;
				GCC_WARN_UNUSED_VARIABLE = YES;
				IPHONEOS_DEPLOYMENT_TARGET = 9.2;
				MTL_ENABLE_DEBUG_INFO = NO;
				SDKROOT = iphoneos;
				TARGETED_DEVICE_FAMILY = "1,2";
				VALIDATE_PRODUCT = YES;
			};
			name = Release;
		};
		26247E531C1FCE0600E01259 /* Debug */ = {
			isa = XCBuildConfiguration;
			buildSettings = {
				ASSETCATALOG_COMPILER_APPICON_NAME = AppIcon;
				INFOPLIST_FILE = GuidePage/Info.plist;
				LD_RUNPATH_SEARCH_PATHS = "$(inherited) @executable_path/Frameworks";
				PRODUCT_BUNDLE_IDENTIFIER = com.william.GuidePage;
				PRODUCT_NAME = "$(TARGET_NAME)";
			};
			name = Debug;
		};
		26247E541C1FCE0600E01259 /* Release */ = {
			isa = XCBuildConfiguration;
			buildSettings = {
				ASSETCATALOG_COMPILER_APPICON_NAME = AppIcon;
				INFOPLIST_FILE = GuidePage/Info.plist;
				LD_RUNPATH_SEARCH_PATHS = "$(inherited) @executable_path/Frameworks";
				PRODUCT_BUNDLE_IDENTIFIER = com.william.GuidePage;
				PRODUCT_NAME = "$(TARGET_NAME)";
			};
			name = Release;
		};
		26247E561C1FCE0600E01259 /* Debug */ = {
			isa = XCBuildConfiguration;
			buildSettings = {
				BUNDLE_LOADER = "$(TEST_HOST)";
				INFOPLIST_FILE = GuidePageTests/Info.plist;
				LD_RUNPATH_SEARCH_PATHS = "$(inherited) @executable_path/Frameworks @loader_path/Frameworks";
				PRODUCT_BUNDLE_IDENTIFIER = com.william.GuidePageTests;
				PRODUCT_NAME = "$(TARGET_NAME)";
				TEST_HOST = "$(BUILT_PRODUCTS_DIR)/GuidePage.app/GuidePage";
			};
			name = Debug;
		};
		26247E571C1FCE0600E01259 /* Release */ = {
			isa = XCBuildConfiguration;
			buildSettings = {
				BUNDLE_LOADER = "$(TEST_HOST)";
				INFOPLIST_FILE = GuidePageTests/Info.plist;
				LD_RUNPATH_SEARCH_PATHS = "$(inherited) @executable_path/Frameworks @loader_path/Frameworks";
				PRODUCT_BUNDLE_IDENTIFIER = com.william.GuidePageTests;
				PRODUCT_NAME = "$(TARGET_NAME)";
				TEST_HOST = "$(BUILT_PRODUCTS_DIR)/GuidePage.app/GuidePage";
			};
			name = Release;
		};
		26247E591C1FCE0600E01259 /* Debug */ = {
			isa = XCBuildConfiguration;
			buildSettings = {
				INFOPLIST_FILE = GuidePageUITests/Info.plist;
				LD_RUNPATH_SEARCH_PATHS = "$(inherited) @executable_path/Frameworks @loader_path/Frameworks";
				PRODUCT_BUNDLE_IDENTIFIER = com.william.GuidePageUITests;
				PRODUCT_NAME = "$(TARGET_NAME)";
				TEST_TARGET_NAME = GuidePage;
				USES_XCTRUNNER = YES;
			};
			name = Debug;
		};
		26247E5A1C1FCE0600E01259 /* Release */ = {
			isa = XCBuildConfiguration;
			buildSettings = {
				INFOPLIST_FILE = GuidePageUITests/Info.plist;
				LD_RUNPATH_SEARCH_PATHS = "$(inherited) @executable_path/Frameworks @loader_path/Frameworks";
				PRODUCT_BUNDLE_IDENTIFIER = com.william.GuidePageUITests;
				PRODUCT_NAME = "$(TARGET_NAME)";
				TEST_TARGET_NAME = GuidePage;
				USES_XCTRUNNER = YES;
			};
			name = Release;
		};
/* End XCBuildConfiguration section */

/* Begin XCConfigurationList section */
		26247E201C1FCE0600E01259 /* Build configuration list for PBXProject "GuidePage" */ = {
			isa = XCConfigurationList;
			buildConfigurations = (
				26247E501C1FCE0600E01259 /* Debug */,
				26247E511C1FCE0600E01259 /* Release */,
			);
			defaultConfigurationIsVisible = 0;
			defaultConfigurationName = Release;
		};
		26247E521C1FCE0600E01259 /* Build configuration list for PBXNativeTarget "GuidePage" */ = {
			isa = XCConfigurationList;
			buildConfigurations = (
				26247E531C1FCE0600E01259 /* Debug */,
				26247E541C1FCE0600E01259 /* Release */,
			);
			defaultConfigurationIsVisible = 0;
			defaultConfigurationName = Release;
		};
		26247E551C1FCE0600E01259 /* Build configuration list for PBXNativeTarget "GuidePageTests" */ = {
			isa = XCConfigurationList;
			buildConfigurations = (
				26247E561C1FCE0600E01259 /* Debug */,
				26247E571C1FCE0600E01259 /* Release */,
			);
			defaultConfigurationIsVisible = 0;
			defaultConfigurationName = Release;
		};
		26247E581C1FCE0600E01259 /* Build configuration list for PBXNativeTarget "GuidePageUITests" */ = {
			isa = XCConfigurationList;
			buildConfigurations = (
				26247E591C1FCE0600E01259 /* Debug */,
				26247E5A1C1FCE0600E01259 /* Release */,
			);
			defaultConfigurationIsVisible = 0;
			defaultConfigurationName = Release;
		};
/* End XCConfigurationList section */
	};
	rootObject = 26247E1D1C1FCE0600E01259 /* Project object */;
}
